
Microsoft Visual Studio Solution File, Format Version 12.00
# Visual Studio Version 16
VisualStudioVersion = 16.0.30104.148
MinimumVisualStudioVersion = 10.0.40219.1
Project("{FAE04EC0-301F-11D3-BF4B-00C04F79EFBC}") = "testemene", "testemene.csproj", "{F41DE77E-02F5-486B-831E-69EF69444A1C}"
EndProject
Global
	GlobalSection(SolutionConfigurationPlatforms) = preSolution
		Debug|Any CPU = Debug|Any CPU
		Release|Any CPU = Release|Any CPU
	EndGlobalSection
	GlobalSection(ProjectConfigurationPlatforms) = postSolution
		{F41DE77E-02F5-486B-831E-69EF69444A1C}.Debug|Any CPU.ActiveCfg = Debug|Any CPU
		{F41DE77E-02F5-486B-831E-69EF69444A1C}.Debug|Any CPU.Build.0 = Debug|Any CPU
		{F41DE77E-02F5-486B-831E-69EF69444A1C}.Release|Any CPU.ActiveCfg = Release|Any CPU
		{F41DE77E-02F5-486B-831E-69EF69444A1C}.Release|Any CPU.Build.0 = Release|Any CPU
	EndGlobalSection
	GlobalSection(SolutionProperties) = preSolution
		HideSolutionNode = FALSE
	EndGlobalSection
	GlobalSection(ExtensibilityGlobals) = postSolution
		SolutionGuid = {BADA0FC9-8FDE-476F-A379-FB1ADC51F494}
	EndGlobalSection
EndGlobal
