
Microsoft Visual Studio Solution File, Format Version 12.00
# Visual Studio Version 16
VisualStudioVersion = 16.0.30104.148
MinimumVisualStudioVersion = 10.0.40219.1
Project("{9A19103F-16F7-4668-BE54-9A1E7A4F7556}") = "MeuPrimeiroProjeto", "MeuPrimeiroProjeto.csproj", "{ADADA079-73C8-44B4-9E7D-8B34110B20B8}"
EndProject
Project("{FAE04EC0-301F-11D3-BF4B-00C04F79EFBC}") = "Conversao", "..\Conversao\Conversao.csproj", "{0F057037-16EC-454A-B53B-86F08FCB6902}"
EndProject
Global
	GlobalSection(SolutionConfigurationPlatforms) = preSolution
		Debug|Any CPU = Debug|Any CPU
		Release|Any CPU = Release|Any CPU
	EndGlobalSection
	GlobalSection(ProjectConfigurationPlatforms) = postSolution
		{ADADA079-73C8-44B4-9E7D-8B34110B20B8}.Debug|Any CPU.ActiveCfg = Debug|Any CPU
		{ADADA079-73C8-44B4-9E7D-8B34110B20B8}.Debug|Any CPU.Build.0 = Debug|Any CPU
		{ADADA079-73C8-44B4-9E7D-8B34110B20B8}.Release|Any CPU.ActiveCfg = Release|Any CPU
		{ADADA079-73C8-44B4-9E7D-8B34110B20B8}.Release|Any CPU.Build.0 = Release|Any CPU
		{0F057037-16EC-454A-B53B-86F08FCB6902}.Debug|Any CPU.ActiveCfg = Debug|Any CPU
		{0F057037-16EC-454A-B53B-86F08FCB6902}.Debug|Any CPU.Build.0 = Debug|Any CPU
		{0F057037-16EC-454A-B53B-86F08FCB6902}.Release|Any CPU.ActiveCfg = Release|Any CPU
		{0F057037-16EC-454A-B53B-86F08FCB6902}.Release|Any CPU.Build.0 = Release|Any CPU
	EndGlobalSection
	GlobalSection(SolutionProperties) = preSolution
		HideSolutionNode = FALSE
	EndGlobalSection
	GlobalSection(ExtensibilityGlobals) = postSolution
		SolutionGuid = {F424A860-D587-44CA-98F6-CDD7AD053FA6}
	EndGlobalSection
EndGlobal
