
Microsoft Visual Studio Solution File, Format Version 12.00
# Visual Studio Version 16
VisualStudioVersion = 16.0.30011.22
MinimumVisualStudioVersion = 10.0.40219.1
Project("{FAE04EC0-301F-11D3-BF4B-00C04F79EFBC}") = "codev", "codev.csproj", "{968E7BB2-178A-4DCE-8EDA-3877CE72A7FE}"
EndProject
Global
	GlobalSection(SolutionConfigurationPlatforms) = preSolution
		Debug|Any CPU = Debug|Any CPU
		Release|Any CPU = Release|Any CPU
	EndGlobalSection
	GlobalSection(ProjectConfigurationPlatforms) = postSolution
		{968E7BB2-178A-4DCE-8EDA-3877CE72A7FE}.Debug|Any CPU.ActiveCfg = Debug|Any CPU
		{968E7BB2-178A-4DCE-8EDA-3877CE72A7FE}.Debug|Any CPU.Build.0 = Debug|Any CPU
		{968E7BB2-178A-4DCE-8EDA-3877CE72A7FE}.Release|Any CPU.ActiveCfg = Release|Any CPU
		{968E7BB2-178A-4DCE-8EDA-3877CE72A7FE}.Release|Any CPU.Build.0 = Release|Any CPU
	EndGlobalSection
	GlobalSection(SolutionProperties) = preSolution
		HideSolutionNode = FALSE
	EndGlobalSection
	GlobalSection(ExtensibilityGlobals) = postSolution
		SolutionGuid = {89C8698D-B450-4FC3-B0CB-24D72C73318D}
	EndGlobalSection
EndGlobal
